// !$*UTF8*$!
{
	archiveVersion = 1;
	classes = {
	};
	objectVersion = 46;
	objects = {

/* Begin PBXBuildFile section */
		8DAF84931E59BD4B005A3384 /* main.m in Sources */ = {isa = PBXBuildFile; fileRef = 8DAF84921E59BD4B005A3384 /* main.m */; };
		8DAF84961E59BD4B005A3384 /* AppDelegate.m in Sources */ = {isa = PBXBuildFile; fileRef = 8DAF84951E59BD4B005A3384 /* AppDelegate.m */; };
		8DAF84991E59BD4B005A3384 /* ViewController.m in Sources */ = {isa = PBXBuildFile; fileRef = 8DAF84981E59BD4B005A3384 /* ViewController.m */; };
		8DAF849C1E59BD4B005A3384 /* Main.storyboard in Resources */ = {isa = PBXBuildFile; fileRef = 8DAF849A1E59BD4B005A3384 /* Main.storyboard */; };
		8DAF849F1E59BD4B005A3384 /* Game.xcdatamodeld in Sources */ = {isa = PBXBuildFile; fileRef = 8DAF849D1E59BD4B005A3384 /* Game.xcdatamodeld */; };
		8DAF84A11E59BD4B005A3384 /* Assets.xcassets in Resources */ = {isa = PBXBuildFile; fileRef = 8DAF84A01E59BD4B005A3384 /* Assets.xcassets */; };
		8DAF84A41E59BD4B005A3384 /* LaunchScreen.storyboard in Resources */ = {isa = PBXBuildFile; fileRef = 8DAF84A21E59BD4B005A3384 /* LaunchScreen.storyboard */; };
		8DAF84AF1E59BD4C005A3384 /* GameTests.m in Sources */ = {isa = PBXBuildFile; fileRef = 8DAF84AE1E59BD4C005A3384 /* GameTests.m */; };
		8DAF84BA1E59BD4C005A3384 /* GameUITests.m in Sources */ = {isa = PBXBuildFile; fileRef = 8DAF84B91E59BD4C005A3384 /* GameUITests.m */; };
		8DAF84C81E59BDB8005A3384 /* MyActions.sks in Resources */ = {isa = PBXBuildFile; fileRef = 8DAF84C71E59BDB8005A3384 /* MyActions.sks */; };
		8DAF84CB1E59C3A1005A3384 /* MainScence.m in Sources */ = {isa = PBXBuildFile; fileRef = 8DAF84CA1E59C3A1005A3384 /* MainScence.m */; };
/* End PBXBuildFile section */

/* Begin PBXContainerItemProxy section */
		8DAF84AB1E59BD4C005A3384 /* PBXContainerItemProxy */ = {
			isa = PBXContainerItemProxy;
			containerPortal = 8DAF84861E59BD4B005A3384 /* Project object */;
			proxyType = 1;
			remoteGlobalIDString = 8DAF848D1E59BD4B005A3384;
			remoteInfo = Game;
		};
		8DAF84B61E59BD4C005A3384 /* PBXContainerItemProxy */ = {
			isa = PBXContainerItemProxy;
			containerPortal = 8DAF84861E59BD4B005A3384 /* Project object */;
			proxyType = 1;
			remoteGlobalIDString = 8DAF848D1E59BD4B005A3384;
			remoteInfo = Game;
		};
/* End PBXContainerItemProxy section */

/* Begin PBXFileReference section */
		8DAF848E1E59BD4B005A3384 /* Game.app */ = {isa = PBXFileReference; explicitFileType = wrapper.application; includeInIndex = 0; path = Game.app; sourceTree = BUILT_PRODUCTS_DIR; };
		8DAF84921E59BD4B005A3384 /* main.m */ = {isa = PBXFileReference; lastKnownFileType = sourcecode.c.objc; path = main.m; sourceTree = "<group>"; };
		8DAF84941E59BD4B005A3384 /* AppDelegate.h */ = {isa = PBXFileReference; lastKnownFileType = sourcecode.c.h; path = AppDelegate.h; sourceTree = "<group>"; };
		8DAF84951E59BD4B005A3384 /* AppDelegate.m */ = {isa = PBXFileReference; lastKnownFileType = sourcecode.c.objc; path = AppDelegate.m; sourceTree = "<group>"; };
		8DAF84971E59BD4B005A3384 /* ViewController.h */ = {isa = PBXFileReference; lastKnownFileType = sourcecode.c.h; path = ViewController.h; sourceTree = "<group>"; };
		8DAF84981E59BD4B005A3384 /* ViewController.m */ = {isa = PBXFileReference; lastKnownFileType = sourcecode.c.objc; path = ViewController.m; sourceTree = "<group>"; };
		8DAF849B1E59BD4B005A3384 /* Base */ = {isa = PBXFileReference; lastKnownFileType = file.storyboard; name = Base; path = Base.lproj/Main.storyboard; sourceTree = "<group>"; };
		8DAF849E1E59BD4B005A3384 /* Game.xcdatamodel */ = {isa = PBXFileReference; lastKnownFileType = wrapper.xcdatamodel; path = Game.xcdatamodel; sourceTree = "<group>"; };
		8DAF84A01E59BD4B005A3384 /* Assets.xcassets */ = {isa = PBXFileReference; lastKnownFileType = folder.assetcatalog; path = Assets.xcassets; sourceTree = "<group>"; };
		8DAF84A31E59BD4B005A3384 /* Base */ = {isa = PBXFileReference; lastKnownFileType = file.storyboard; name = Base; path = Base.lproj/LaunchScreen.storyboard; sourceTree = "<group>"; };
		8DAF84A51E59BD4B005A3384 /* Info.plist */ = {isa = PBXFileReference; lastKnownFileType = text.plist.xml; path = Info.plist; sourceTree = "<group>"; };
		8DAF84AA1E59BD4C005A3384 /* GameTests.xctest */ = {isa = PBXFileReference; explicitFileType = wrapper.cfbundle; includeInIndex = 0; path = GameTests.xctest; sourceTree = BUILT_PRODUCTS_DIR; };
		8DAF84AE1E59BD4C005A3384 /* GameTests.m */ = {isa = PBXFileReference; lastKnownFileType = sourcecode.c.objc; path = GameTests.m; sourceTree = "<group>"; };
		8DAF84B01E59BD4C005A3384 /* Info.plist */ = {isa = PBXFileReference; lastKnownFileType = text.plist.xml; path = Info.plist; sourceTree = "<group>"; };
		8DAF84B51E59BD4C005A3384 /* GameUITests.xctest */ = {isa = PBXFileReference; explicitFileType = wrapper.cfbundle; includeInIndex = 0; path = GameUITests.xctest; sourceTree = BUILT_PRODUCTS_DIR; };
		8DAF84B91E59BD4C005A3384 /* GameUITests.m */ = {isa = PBXFileReference; lastKnownFileType = sourcecode.c.objc; path = GameUITests.m; sourceTree = "<group>"; };
		8DAF84BB1E59BD4C005A3384 /* Info.plist */ = {isa = PBXFileReference; lastKnownFileType = text.plist.xml; path = Info.plist; sourceTree = "<group>"; };
		8DAF84C71E59BDB8005A3384 /* MyActions.sks */ = {isa = PBXFileReference; lastKnownFileType = file.sks; path = MyActions.sks; sourceTree = "<group>"; };
		8DAF84C91E59C3A1005A3384 /* MainScence.h */ = {isa = PBXFileReference; fileEncoding = 4; lastKnownFileType = sourcecode.c.h; path = MainScence.h; sourceTree = "<group>"; };
		8DAF84CA1E59C3A1005A3384 /* MainScence.m */ = {isa = PBXFileReference; fileEncoding = 4; lastKnownFileType = sourcecode.c.objc; path = MainScence.m; sourceTree = "<group>"; };
/* End PBXFileReference section */

/* Begin PBXFrameworksBuildPhase section */
		8DAF848B1E59BD4B005A3384 /* Frameworks */ = {
			isa = PBXFrameworksBuildPhase;
			buildActionMask = 2147483647;
			files = (
			);
			runOnlyForDeploymentPostprocessing = 0;
		};
		8DAF84A71E59BD4C005A3384 /* Frameworks */ = {
			isa = PBXFrameworksBuildPhase;
			buildActionMask = 2147483647;
			files = (
			);
			runOnlyForDeploymentPostprocessing = 0;
		};
		8DAF84B21E59BD4C005A3384 /* Frameworks */ = {
			isa = PBXFrameworksBuildPhase;
			buildActionMask = 2147483647;
			files = (
			);
			runOnlyForDeploymentPostprocessing = 0;
		};
/* End PBXFrameworksBuildPhase section */

/* Begin PBXGroup section */
		8DAF84851E59BD4B005A3384 = {
			isa = PBXGroup;
			children = (
				8DAF84901E59BD4B005A3384 /* Game */,
				8DAF84AD1E59BD4C005A3384 /* GameTests */,
				8DAF84B81E59BD4C005A3384 /* GameUITests */,
				8DAF848F1E59BD4B005A3384 /* Products */,
			);
			sourceTree = "<group>";
		};
		8DAF848F1E59BD4B005A3384 /* Products */ = {
			isa = PBXGroup;
			children = (
				8DAF848E1E59BD4B005A3384 /* Game.app */,
				8DAF84AA1E59BD4C005A3384 /* GameTests.xctest */,
				8DAF84B51E59BD4C005A3384 /* GameUITests.xctest */,
			);
			name = Products;
			sourceTree = "<group>";
		};
		8DAF84901E59BD4B005A3384 /* Game */ = {
			isa = PBXGroup;
			children = (
				8DAF84941E59BD4B005A3384 /* AppDelegate.h */,
				8DAF84951E59BD4B005A3384 /* AppDelegate.m */,
				8DAF84971E59BD4B005A3384 /* ViewController.h */,
				8DAF84981E59BD4B005A3384 /* ViewController.m */,
				8DAF84C91E59C3A1005A3384 /* MainScence.h */,
				8DAF84CA1E59C3A1005A3384 /* MainScence.m */,
				8DAF849A1E59BD4B005A3384 /* Main.storyboard */,
				8DAF84A01E59BD4B005A3384 /* Assets.xcassets */,
				8DAF84A21E59BD4B005A3384 /* LaunchScreen.storyboard */,
				8DAF84A51E59BD4B005A3384 /* Info.plist */,
				8DAF849D1E59BD4B005A3384 /* Game.xcdatamodeld */,
				8DAF84911E59BD4B005A3384 /* Supporting Files */,
				8DAF84C71E59BDB8005A3384 /* MyActions.sks */,
			);
			path = Game;
			sourceTree = "<group>";
		};
		8DAF84911E59BD4B005A3384 /* Supporting Files */ = {
			isa = PBXGroup;
			children = (
				8DAF84921E59BD4B005A3384 /* main.m */,
			);
			name = "Supporting Files";
			sourceTree = "<group>";
		};
		8DAF84AD1E59BD4C005A3384 /* GameTests */ = {
			isa = PBXGroup;
			children = (
				8DAF84AE1E59BD4C005A3384 /* GameTests.m */,
				8DAF84B01E59BD4C005A3384 /* Info.plist */,
			);
			path = GameTests;
			sourceTree = "<group>";
		};
		8DAF84B81E59BD4C005A3384 /* GameUITests */ = {
			isa = PBXGroup;
			children = (
				8DAF84B91E59BD4C005A3384 /* GameUITests.m */,
				8DAF84BB1E59BD4C005A3384 /* Info.plist */,
			);
			path = GameUITests;
			sourceTree = "<group>";
		};
/* End PBXGroup section */

/* Begin PBXNativeTarget section */
		8DAF848D1E59BD4B005A3384 /* Game */ = {
			isa = PBXNativeTarget;
			buildConfigurationList = 8DAF84BE1E59BD4C005A3384 /* Build configuration list for PBXNativeTarget "Game" */;
			buildPhases = (
				8DAF848A1E59BD4B005A3384 /* Sources */,
				8DAF848B1E59BD4B005A3384 /* Frameworks */,
				8DAF848C1E59BD4B005A3384 /* Resources */,
			);
			buildRules = (
			);
			dependencies = (
			);
			name = Game;
			productName = Game;
			productReference = 8DAF848E1E59BD4B005A3384 /* Game.app */;
			productType = "com.apple.product-type.application";
		};
		8DAF84A91E59BD4C005A3384 /* GameTests */ = {
			isa = PBXNativeTarget;
			buildConfigurationList = 8DAF84C11E59BD4C005A3384 /* Build configuration list for PBXNativeTarget "GameTests" */;
			buildPhases = (
				8DAF84A61E59BD4C005A3384 /* Sources */,
				8DAF84A71E59BD4C005A3384 /* Frameworks */,
				8DAF84A81E59BD4C005A3384 /* Resources */,
			);
			buildRules = (
			);
			dependencies = (
				8DAF84AC1E59BD4C005A3384 /* PBXTargetDependency */,
			);
			name = GameTests;
			productName = GameTests;
			productReference = 8DAF84AA1E59BD4C005A3384 /* GameTests.xctest */;
			productType = "com.apple.product-type.bundle.unit-test";
		};
		8DAF84B41E59BD4C005A3384 /* GameUITests */ = {
			isa = PBXNativeTarget;
			buildConfigurationList = 8DAF84C41E59BD4C005A3384 /* Build configuration list for PBXNativeTarget "GameUITests" */;
			buildPhases = (
				8DAF84B11E59BD4C005A3384 /* Sources */,
				8DAF84B21E59BD4C005A3384 /* Frameworks */,
				8DAF84B31E59BD4C005A3384 /* Resources */,
			);
			buildRules = (
			);
			dependencies = (
				8DAF84B71E59BD4C005A3384 /* PBXTargetDependency */,
			);
			name = GameUITests;
			productName = GameUITests;
			productReference = 8DAF84B51E59BD4C005A3384 /* GameUITests.xctest */;
			productType = "com.apple.product-type.bundle.ui-testing";
		};
/* End PBXNativeTarget section */

/* Begin PBXProject section */
		8DAF84861E59BD4B005A3384 /* Project object */ = {
			isa = PBXProject;
			attributes = {
				LastUpgradeCheck = 0820;
				ORGANIZATIONNAME = xzh;
				TargetAttributes = {
					8DAF848D1E59BD4B005A3384 = {
						CreatedOnToolsVersion = 8.2.1;
						DevelopmentTeam = LYHHAQG7GR;
						ProvisioningStyle = Manual;
					};
					8DAF84A91E59BD4C005A3384 = {
						CreatedOnToolsVersion = 8.2.1;
						ProvisioningStyle = Automatic;
						TestTargetID = 8DAF848D1E59BD4B005A3384;
					};
					8DAF84B41E59BD4C005A3384 = {
						CreatedOnToolsVersion = 8.2.1;
						ProvisioningStyle = Automatic;
						TestTargetID = 8DAF848D1E59BD4B005A3384;
					};
				};
			};
			buildConfigurationList = 8DAF84891E59BD4B005A3384 /* Build configuration list for PBXProject "Game" */;
			compatibilityVersion = "Xcode 3.2";
			developmentRegion = English;
			hasScannedForEncodings = 0;
			knownRegions = (
				en,
				Base,
			);
			mainGroup = 8DAF84851E59BD4B005A3384;
			productRefGroup = 8DAF848F1E59BD4B005A3384 /* Products */;
			projectDirPath = "";
			projectRoot = "";
			targets = (
				8DAF848D1E59BD4B005A3384 /* Game */,
				8DAF84A91E59BD4C005A3384 /* GameTests */,
				8DAF84B41E59BD4C005A3384 /* GameUITests */,
			);
		};
/* End PBXProject section */

/* Begin PBXResourcesBuildPhase section */
		8DAF848C1E59BD4B005A3384 /* Resources */ = {
			isa = PBXResourcesBuildPhase;
			buildActionMask = 2147483647;
			files = (
				8DAF84A41E59BD4B005A3384 /* LaunchScreen.storyboard in Resources */,
				8DAF84A11E59BD4B005A3384 /* Assets.xcassets in Resources */,
				8DAF849C1E59BD4B005A3384 /* Main.storyboard in Resources */,
				8DAF84C81E59BDB8005A3384 /* MyActions.sks in Resources */,
			);
			runOnlyForDeploymentPostprocessing = 0;
		};
		8DAF84A81E59BD4C005A3384 /* Resources */ = {
			isa = PBXResourcesBuildPhase;
			buildActionMask = 2147483647;
			files = (
			);
			runOnlyForDeploymentPostprocessing = 0;
		};
		8DAF84B31E59BD4C005A3384 /* Resources */ = {
			isa = PBXResourcesBuildPhase;
			buildActionMask = 2147483647;
			files = (
			);
			runOnlyForDeploymentPostprocessing = 0;
		};
/* End PBXResourcesBuildPhase section */

/* Begin PBXSourcesBuildPhase section */
		8DAF848A1E59BD4B005A3384 /* Sources */ = {
			isa = PBXSourcesBuildPhase;
			buildActionMask = 2147483647;
			files = (
				8DAF84991E59BD4B005A3384 /* ViewController.m in Sources */,
				8DAF84961E59BD4B005A3384 /* AppDelegate.m in Sources */,
				8DAF84CB1E59C3A1005A3384 /* MainScence.m in Sources */,
				8DAF84931E59BD4B005A3384 /* main.m in Sources */,
				8DAF849F1E59BD4B005A3384 /* Game.xcdatamodeld in Sources */,
			);
			runOnlyForDeploymentPostprocessing = 0;
		};
		8DAF84A61E59BD4C005A3384 /* Sources */ = {
			isa = PBXSourcesBuildPhase;
			buildActionMask = 2147483647;
			files = (
				8DAF84AF1E59BD4C005A3384 /* GameTests.m in Sources */,
			);
			runOnlyForDeploymentPostprocessing = 0;
		};
		8DAF84B11E59BD4C005A3384 /* Sources */ = {
			isa = PBXSourcesBuildPhase;
			buildActionMask = 2147483647;
			files = (
				8DAF84BA1E59BD4C005A3384 /* GameUITests.m in Sources */,
			);
			runOnlyForDeploymentPostprocessing = 0;
		};
/* End PBXSourcesBuildPhase section */

/* Begin PBXTargetDependency section */
		8DAF84AC1E59BD4C005A3384 /* PBXTargetDependency */ = {
			isa = PBXTargetDependency;
			target = 8DAF848D1E59BD4B005A3384 /* Game */;
			targetProxy = 8DAF84AB1E59BD4C005A3384 /* PBXContainerItemProxy */;
		};
		8DAF84B71E59BD4C005A3384 /* PBXTargetDependency */ = {
			isa = PBXTargetDependency;
			target = 8DAF848D1E59BD4B005A3384 /* Game */;
			targetProxy = 8DAF84B61E59BD4C005A3384 /* PBXContainerItemProxy */;
		};
/* End PBXTargetDependency section */

/* Begin PBXVariantGroup section */
		8DAF849A1E59BD4B005A3384 /* Main.storyboard */ = {
			isa = PBXVariantGroup;
			children = (
				8DAF849B1E59BD4B005A3384 /* Base */,
			);
			name = Main.storyboard;
			sourceTree = "<group>";
		};
		8DAF84A21E59BD4B005A3384 /* LaunchScreen.storyboard */ = {
			isa = PBXVariantGroup;
			children = (
				8DAF84A31E59BD4B005A3384 /* Base */,
			);
			name = LaunchScreen.storyboard;
			sourceTree = "<group>";
		};
/* End PBXVariantGroup section */

/* Begin XCBuildConfiguration section */
		8DAF84BC1E59BD4C005A3384 /* Debug */ = {
			isa = XCBuildConfiguration;
			buildSettings = {
				ALWAYS_SEARCH_USER_PATHS = NO;
				CLANG_ANALYZER_NONNULL = YES;
				CLANG_CXX_LANGUAGE_STANDARD = "gnu++0x";
				CLANG_CXX_LIBRARY = "libc++";
				CLANG_ENABLE_MODULES = YES;
				CLANG_ENABLE_OBJC_ARC = YES;
				CLANG_WARN_BOOL_CONVERSION = YES;
				CLANG_WARN_CONSTANT_CONVERSION = YES;
				CLANG_WARN_DIRECT_OBJC_ISA_USAGE = YES_ERROR;
				CLANG_WARN_DOCUMENTATION_COMMENTS = YES;
				CLANG_WARN_EMPTY_BODY = YES;
				CLANG_WARN_ENUM_CONVERSION = YES;
				CLANG_WARN_INFINITE_RECURSION = YES;
				CLANG_WARN_INT_CONVERSION = YES;
				CLANG_WARN_OBJC_ROOT_CLASS = YES_ERROR;
				CLANG_WARN_SUSPICIOUS_MOVE = YES;
				CLANG_WARN_UNREACHABLE_CODE = YES;
				CLANG_WARN__DUPLICATE_METHOD_MATCH = YES;
				"CODE_SIGN_IDENTITY[sdk=iphoneos*]" = "iPhone Developer";
				COPY_PHASE_STRIP = NO;
				DEBUG_INFORMATION_FORMAT = dwarf;
				ENABLE_STRICT_OBJC_MSGSEND = YES;
				ENABLE_TESTABILITY = YES;
				GCC_C_LANGUAGE_STANDARD = gnu99;
				GCC_DYNAMIC_NO_PIC = NO;
				GCC_NO_COMMON_BLOCKS = YES;
				GCC_OPTIMIZATION_LEVEL = 0;
				GCC_PREPROCESSOR_DEFINITIONS = (
					"DEBUG=1",
					"$(inherited)",
				);
				GCC_WARN_64_TO_32_BIT_CONVERSION = YES;
				GCC_WARN_ABOUT_RETURN_TYPE = YES_ERROR;
				GCC_WARN_UNDECLARED_SELECTOR = YES;
				GCC_WARN_UNINITIALIZED_AUTOS = YES_AGGRESSIVE;
				GCC_WARN_UNUSED_FUNCTION = YES;
				GCC_WARN_UNUSED_VARIABLE = YES;
				IPHONEOS_DEPLOYMENT_TARGET = 10.2;
				MTL_ENABLE_DEBUG_INFO = YES;
				ONLY_ACTIVE_ARCH = YES;
				SDKROOT = iphoneos;
				TARGETED_DEVICE_FAMILY = "1,2";
			};
			name = Debug;
		};
		8DAF84BD1E59BD4C005A3384 /* Release */ = {
			isa = XCBuildConfiguration;
			buildSettings = {
				ALWAYS_SEARCH_USER_PATHS = NO;
				CLANG_ANALYZER_NONNULL = YES;
				CLANG_CXX_LANGUAGE_STANDARD = "gnu++0x";
				CLANG_CXX_LIBRARY = "libc++";
				CLANG_ENABLE_MODULES = YES;
				CLANG_ENABLE_OBJC_ARC = YES;
				CLANG_WARN_BOOL_CONVERSION = YES;
				CLANG_WARN_CONSTANT_CONVERSION = YES;
				CLANG_WARN_DIRECT_OBJC_ISA_USAGE = YES_ERROR;
				CLANG_WARN_DOCUMENTATION_COMMENTS = YES;
				CLANG_WARN_EMPTY_BODY = YES;
				CLANG_WARN_ENUM_CONVERSION = YES;
				CLANG_WARN_INFINITE_RECURSION = YES;
				CLANG_WARN_INT_CONVERSION = YES;
				CLANG_WARN_OBJC_ROOT_CLASS = YES_ERROR;
				CLANG_WARN_SUSPICIOUS_MOVE = YES;
				CLANG_WARN_UNREACHABLE_CODE = YES;
				CLANG_WARN__DUPLICATE_METHOD_MATCH = YES;
				"CODE_SIGN_IDENTITY[sdk=iphoneos*]" = "iPhone Developer";
				COPY_PHASE_STRIP = NO;
				DEBUG_INFORMATION_FORMAT = "dwarf-with-dsym";
				ENABLE_NS_ASSERTIONS = NO;
				ENABLE_STRICT_OBJC_MSGSEND = YES;
				GCC_C_LANGUAGE_STANDARD = gnu99;
				GCC_NO_COMMON_BLOCKS = YES;
				GCC_WARN_64_TO_32_BIT_CONVERSION = YES;
				GCC_WARN_ABOUT_RETURN_TYPE = YES_ERROR;
				GCC_WARN_UNDECLARED_SELECTOR = YES;
				GCC_WARN_UNINITIALIZED_AUTOS = YES_AGGRESSIVE;
				GCC_WARN_UNUSED_FUNCTION = YES;
				GCC_WARN_UNUSED_VARIABLE = YES;
				IPHONEOS_DEPLOYMENT_TARGET = 10.2;
				MTL_ENABLE_DEBUG_INFO = NO;
				SDKROOT = iphoneos;
				TARGETED_DEVICE_FAMILY = "1,2";
				VALIDATE_PRODUCT = YES;
			};
			name = Release;
		};
		8DAF84BF1E59BD4C005A3384 /* Debug */ = {
			isa = XCBuildConfiguration;
			buildSettings = {
				ASSETCATALOG_COMPILER_APPICON_NAME = AppIcon;
				DEVELOPMENT_TEAM = LYHHAQG7GR;
				INFOPLIST_FILE = Game/Info.plist;
				IPHONEOS_DEPLOYMENT_TARGET = 8.0;
				LD_RUNPATH_SEARCH_PATHS = "$(inherited) @executable_path/Frameworks";
				PRODUCT_BUNDLE_IDENTIFIER = com.xzh.xzh.Game;
				PRODUCT_NAME = "$(TARGET_NAME)";
				PROVISIONING_PROFILE = "2e7b0cf8-5e26-46ca-b32d-3249653fff3a";
				PROVISIONING_PROFILE_SPECIFIER = "lqmdev_*";
			};
			name = Debug;
		};
		8DAF84C01E59BD4C005A3384 /* Release */ = {
			isa = XCBuildConfiguration;
			buildSettings = {
				ASSETCATALOG_COMPILER_APPICON_NAME = AppIcon;
				DEVELOPMENT_TEAM = LYHHAQG7GR;
				INFOPLIST_FILE = Game/Info.plist;
				IPHONEOS_DEPLOYMENT_TARGET = 8.0;
				LD_RUNPATH_SEARCH_PATHS = "$(inherited) @executable_path/Frameworks";
				PRODUCT_BUNDLE_IDENTIFIER = com.xzh.xzh.Game;
				PRODUCT_NAME = "$(TARGET_NAME)";
				PROVISIONING_PROFILE = "2e7b0cf8-5e26-46ca-b32d-3249653fff3a";
				PROVISIONING_PROFILE_SPECIFIER = "lqmdev_*";
			};
			name = Release;
		};
		8DAF84C21E59BD4C005A3384 /* Debug */ = {
			isa = XCBuildConfiguration;
			buildSettings = {
				BUNDLE_LOADER = "$(TEST_HOST)";
				INFOPLIST_FILE = GameTests/Info.plist;
				LD_RUNPATH_SEARCH_PATHS = "$(inherited) @executable_path/Frameworks @loader_path/Frameworks";
				PRODUCT_BUNDLE_IDENTIFIER = com.xzh.xzh.GameTests;
				PRODUCT_NAME = "$(TARGET_NAME)";
				TEST_HOST = "$(BUILT_PRODUCTS_DIR)/Game.app/Game";
			};
			name = Debug;
		};
		8DAF84C31E59BD4C005A3384 /* Release */ = {
			isa = XCBuildConfiguration;
			buildSettings = {
				BUNDLE_LOADER = "$(TEST_HOST)";
				INFOPLIST_FILE = GameTests/Info.plist;
				LD_RUNPATH_SEARCH_PATHS = "$(inherited) @executable_path/Frameworks @loader_path/Frameworks";
				PRODUCT_BUNDLE_IDENTIFIER = com.xzh.xzh.GameTests;
				PRODUCT_NAME = "$(TARGET_NAME)";
				TEST_HOST = "$(BUILT_PRODUCTS_DIR)/Game.app/Game";
			};
			name = Release;
		};
		8DAF84C51E59BD4C005A3384 /* Debug */ = {
			isa = XCBuildConfiguration;
			buildSettings = {
				INFOPLIST_FILE = GameUITests/Info.plist;
				LD_RUNPATH_SEARCH_PATHS = "$(inherited) @executable_path/Frameworks @loader_path/Frameworks";
				PRODUCT_BUNDLE_IDENTIFIER = com.xzh.xzh.GameUITests;
				PRODUCT_NAME = "$(TARGET_NAME)";
				TEST_TARGET_NAME = Game;
			};
			name = Debug;
		};
		8DAF84C61E59BD4C005A3384 /* Release */ = {
			isa = XCBuildConfiguration;
			buildSettings = {
				INFOPLIST_FILE = GameUITests/Info.plist;
				LD_RUNPATH_SEARCH_PATHS = "$(inherited) @executable_path/Frameworks @loader_path/Frameworks";
				PRODUCT_BUNDLE_IDENTIFIER = com.xzh.xzh.GameUITests;
				PRODUCT_NAME = "$(TARGET_NAME)";
				TEST_TARGET_NAME = Game;
			};
			name = Release;
		};
/* End XCBuildConfiguration section */

/* Begin XCConfigurationList section */
		8DAF84891E59BD4B005A3384 /* Build configuration list for PBXProject "Game" */ = {
			isa = XCConfigurationList;
			buildConfigurations = (
				8DAF84BC1E59BD4C005A3384 /* Debug */,
				8DAF84BD1E59BD4C005A3384 /* Release */,
			);
			defaultConfigurationIsVisible = 0;
			defaultConfigurationName = Release;
		};
		8DAF84BE1E59BD4C005A3384 /* Build configuration list for PBXNativeTarget "Game" */ = {
			isa = XCConfigurationList;
			buildConfigurations = (
				8DAF84BF1E59BD4C005A3384 /* Debug */,
				8DAF84C01E59BD4C005A3384 /* Release */,
			);
			defaultConfigurationIsVisible = 0;
			defaultConfigurationName = Release;
		};
		8DAF84C11E59BD4C005A3384 /* Build configuration list for PBXNativeTarget "GameTests" */ = {
			isa = XCConfigurationList;
			buildConfigurations = (
				8DAF84C21E59BD4C005A3384 /* Debug */,
				8DAF84C31E59BD4C005A3384 /* Release */,
			);
			defaultConfigurationIsVisible = 0;
			defaultConfigurationName = Release;
		};
		8DAF84C41E59BD4C005A3384 /* Build configuration list for PBXNativeTarget "GameUITests" */ = {
			isa = XCConfigurationList;
			buildConfigurations = (
				8DAF84C51E59BD4C005A3384 /* Debug */,
				8DAF84C61E59BD4C005A3384 /* Release */,
			);
			defaultConfigurationIsVisible = 0;
			defaultConfigurationName = Release;
		};
/* End XCConfigurationList section */

/* Begin XCVersionGroup section */
		8DAF849D1E59BD4B005A3384 /* Game.xcdatamodeld */ = {
			isa = XCVersionGroup;
			children = (
				8DAF849E1E59BD4B005A3384 /* Game.xcdatamodel */,
			);
			currentVersion = 8DAF849E1E59BD4B005A3384 /* Game.xcdatamodel */;
			path = Game.xcdatamodeld;
			sourceTree = "<group>";
			versionGroupType = wrapper.xcdatamodel;
		};
/* End XCVersionGroup section */
	};
	rootObject = 8DAF84861E59BD4B005A3384 /* Project object */;
}
