// !$*UTF8*$!
{
	archiveVersion = 1;
	classes = {
	};
	objectVersion = 50;
	objects = {

/* Begin PBXBuildFile section */
		2885E94825D03838004DCCC0 /* Entity.swift in Sources */ = {isa = PBXBuildFile; fileRef = 2885E94725D03838004DCCC0 /* Entity.swift */; };
		28FF230D22CC98B600573D4B /* AppDelegate.swift in Sources */ = {isa = PBXBuildFile; fileRef = 28FF230C22CC98B600573D4B /* AppDelegate.swift */; };
		28FF230F22CC98B600573D4B /* GameScene.sks in Resources */ = {isa = PBXBuildFile; fileRef = 28FF230E22CC98B600573D4B /* GameScene.sks */; };
		28FF231122CC98B600573D4B /* Actions.sks in Resources */ = {isa = PBXBuildFile; fileRef = 28FF231022CC98B600573D4B /* Actions.sks */; };
		28FF231322CC98B600573D4B /* GameScene.swift in Sources */ = {isa = PBXBuildFile; fileRef = 28FF231222CC98B600573D4B /* GameScene.swift */; };
		28FF231522CC98B600573D4B /* GameViewController.swift in Sources */ = {isa = PBXBuildFile; fileRef = 28FF231422CC98B600573D4B /* GameViewController.swift */; };
		28FF231822CC98B600573D4B /* Main.storyboard in Resources */ = {isa = PBXBuildFile; fileRef = 28FF231622CC98B600573D4B /* Main.storyboard */; };
		28FF231A22CC98B700573D4B /* Assets.xcassets in Resources */ = {isa = PBXBuildFile; fileRef = 28FF231922CC98B700573D4B /* Assets.xcassets */; };
		28FF231D22CC98B700573D4B /* LaunchScreen.storyboard in Resources */ = {isa = PBXBuildFile; fileRef = 28FF231B22CC98B700573D4B /* LaunchScreen.storyboard */; };
		28FF232722CC997100573D4B /* LocalPlayer.swift in Sources */ = {isa = PBXBuildFile; fileRef = 28FF232622CC997100573D4B /* LocalPlayer.swift */; };
		28FF232B22CC9BD500573D4B /* Direction.swift in Sources */ = {isa = PBXBuildFile; fileRef = 28FF232A22CC9BD500573D4B /* Direction.swift */; };
		28FF232D22CC9BFD00573D4B /* Animate.swift in Sources */ = {isa = PBXBuildFile; fileRef = 28FF232C22CC9BFD00573D4B /* Animate.swift */; };
		28FF233522CC9D4900573D4B /* SKButton.swift in Sources */ = {isa = PBXBuildFile; fileRef = 28FF233422CC9D4900573D4B /* SKButton.swift */; };
		28FF233722CC9D7500573D4B /* RockerControll.swift in Sources */ = {isa = PBXBuildFile; fileRef = 28FF233622CC9D7500573D4B /* RockerControll.swift */; };
		E91BFE8D2644D0C300C9A669 /* GameplayKit编程指南：关于GameplayKit.pdf in Resources */ = {isa = PBXBuildFile; fileRef = E91BFE8C2644D0C300C9A669 /* GameplayKit编程指南：关于GameplayKit.pdf */; };
		E91BFE902644D0CB00C9A669 /* GameplayKit编程指南：随机化.pdf in Resources */ = {isa = PBXBuildFile; fileRef = E91BFE8F2644D0CB00C9A669 /* GameplayKit编程指南：随机化.pdf */; };
		E91BFE932644D10200C9A669 /* GameplayKit编程指南：实体和组件.pdf in Resources */ = {isa = PBXBuildFile; fileRef = E91BFE922644D10200C9A669 /* GameplayKit编程指南：实体和组件.pdf */; };
		E91BFE962644D13300C9A669 /* GameplayKit编程指南：状态机.pdf in Resources */ = {isa = PBXBuildFile; fileRef = E91BFE952644D13300C9A669 /* GameplayKit编程指南：状态机.pdf */; };
		E91BFE992644D1CD00C9A669 /* GameplayKit编程指南：Minmax策略师.pdf in Resources */ = {isa = PBXBuildFile; fileRef = E91BFE982644D1CD00C9A669 /* GameplayKit编程指南：Minmax策略师.pdf */; };
		E91BFE9C2644D1F800C9A669 /* GameplayKit编程指南：寻路.pdf in Resources */ = {isa = PBXBuildFile; fileRef = E91BFE9B2644D1F800C9A669 /* GameplayKit编程指南：寻路.pdf */; };
		E91BFE9F2644D21400C9A669 /* GameplayKit编程指南：代理、目标和行为.pdf in Resources */ = {isa = PBXBuildFile; fileRef = E91BFE9E2644D21400C9A669 /* GameplayKit编程指南：代理、目标和行为.pdf */; };
		E91BFEA22644D23300C9A669 /* GameplayKit编程指南：规则系统.pdf in Resources */ = {isa = PBXBuildFile; fileRef = E91BFEA12644D23300C9A669 /* GameplayKit编程指南：规则系统.pdf */; };
		E91BFEAB2644DC0D00C9A669 /* RenderComponent.swift in Sources */ = {isa = PBXBuildFile; fileRef = E91BFEAA2644DC0D00C9A669 /* RenderComponent.swift */; };
		E91BFEAF2644E09100C9A669 /* GameConfig.swift in Sources */ = {isa = PBXBuildFile; fileRef = E91BFEAE2644E09100C9A669 /* GameConfig.swift */; };
		E91BFEB22644E2F600C9A669 /* TestEntity.swift in Sources */ = {isa = PBXBuildFile; fileRef = E91BFEB12644E2F600C9A669 /* TestEntity.swift */; };
/* End PBXBuildFile section */

/* Begin PBXFileReference section */
		2885E94725D03838004DCCC0 /* Entity.swift */ = {isa = PBXFileReference; lastKnownFileType = sourcecode.swift; path = Entity.swift; sourceTree = "<group>"; };
		28FF230922CC98B600573D4B /* VolvonOrigin.app */ = {isa = PBXFileReference; explicitFileType = wrapper.application; includeInIndex = 0; path = VolvonOrigin.app; sourceTree = BUILT_PRODUCTS_DIR; };
		28FF230C22CC98B600573D4B /* AppDelegate.swift */ = {isa = PBXFileReference; lastKnownFileType = sourcecode.swift; path = AppDelegate.swift; sourceTree = "<group>"; };
		28FF230E22CC98B600573D4B /* GameScene.sks */ = {isa = PBXFileReference; lastKnownFileType = file.sks; path = GameScene.sks; sourceTree = "<group>"; };
		28FF231022CC98B600573D4B /* Actions.sks */ = {isa = PBXFileReference; lastKnownFileType = file.sks; path = Actions.sks; sourceTree = "<group>"; };
		28FF231222CC98B600573D4B /* GameScene.swift */ = {isa = PBXFileReference; lastKnownFileType = sourcecode.swift; path = GameScene.swift; sourceTree = "<group>"; };
		28FF231422CC98B600573D4B /* GameViewController.swift */ = {isa = PBXFileReference; lastKnownFileType = sourcecode.swift; path = GameViewController.swift; sourceTree = "<group>"; };
		28FF231722CC98B600573D4B /* Base */ = {isa = PBXFileReference; lastKnownFileType = file.storyboard; name = Base; path = Base.lproj/Main.storyboard; sourceTree = "<group>"; };
		28FF231922CC98B700573D4B /* Assets.xcassets */ = {isa = PBXFileReference; lastKnownFileType = folder.assetcatalog; path = Assets.xcassets; sourceTree = "<group>"; };
		28FF231C22CC98B700573D4B /* Base */ = {isa = PBXFileReference; lastKnownFileType = file.storyboard; name = Base; path = Base.lproj/LaunchScreen.storyboard; sourceTree = "<group>"; };
		28FF231E22CC98B700573D4B /* Info.plist */ = {isa = PBXFileReference; lastKnownFileType = text.plist.xml; path = Info.plist; sourceTree = "<group>"; };
		28FF232622CC997100573D4B /* LocalPlayer.swift */ = {isa = PBXFileReference; lastKnownFileType = sourcecode.swift; path = LocalPlayer.swift; sourceTree = "<group>"; };
		28FF232A22CC9BD500573D4B /* Direction.swift */ = {isa = PBXFileReference; lastKnownFileType = sourcecode.swift; path = Direction.swift; sourceTree = "<group>"; };
		28FF232C22CC9BFD00573D4B /* Animate.swift */ = {isa = PBXFileReference; lastKnownFileType = sourcecode.swift; path = Animate.swift; sourceTree = "<group>"; };
		28FF233422CC9D4900573D4B /* SKButton.swift */ = {isa = PBXFileReference; lastKnownFileType = sourcecode.swift; path = SKButton.swift; sourceTree = "<group>"; };
		28FF233622CC9D7500573D4B /* RockerControll.swift */ = {isa = PBXFileReference; lastKnownFileType = sourcecode.swift; path = RockerControll.swift; sourceTree = "<group>"; };
		E91BFE8C2644D0C300C9A669 /* GameplayKit编程指南：关于GameplayKit.pdf */ = {isa = PBXFileReference; lastKnownFileType = image.pdf; path = "GameplayKit编程指南：关于GameplayKit.pdf"; sourceTree = "<group>"; };
		E91BFE8F2644D0CB00C9A669 /* GameplayKit编程指南：随机化.pdf */ = {isa = PBXFileReference; lastKnownFileType = image.pdf; path = "GameplayKit编程指南：随机化.pdf"; sourceTree = "<group>"; };
		E91BFE922644D10200C9A669 /* GameplayKit编程指南：实体和组件.pdf */ = {isa = PBXFileReference; lastKnownFileType = image.pdf; path = "GameplayKit编程指南：实体和组件.pdf"; sourceTree = "<group>"; };
		E91BFE952644D13300C9A669 /* GameplayKit编程指南：状态机.pdf */ = {isa = PBXFileReference; lastKnownFileType = image.pdf; path = "GameplayKit编程指南：状态机.pdf"; sourceTree = "<group>"; };
		E91BFE982644D1CD00C9A669 /* GameplayKit编程指南：Minmax策略师.pdf */ = {isa = PBXFileReference; lastKnownFileType = image.pdf; path = "GameplayKit编程指南：Minmax策略师.pdf"; sourceTree = "<group>"; };
		E91BFE9B2644D1F800C9A669 /* GameplayKit编程指南：寻路.pdf */ = {isa = PBXFileReference; lastKnownFileType = image.pdf; path = "GameplayKit编程指南：寻路.pdf"; sourceTree = "<group>"; };
		E91BFE9E2644D21400C9A669 /* GameplayKit编程指南：代理、目标和行为.pdf */ = {isa = PBXFileReference; lastKnownFileType = image.pdf; path = "GameplayKit编程指南：代理、目标和行为.pdf"; sourceTree = "<group>"; };
		E91BFEA12644D23300C9A669 /* GameplayKit编程指南：规则系统.pdf */ = {isa = PBXFileReference; lastKnownFileType = image.pdf; path = "GameplayKit编程指南：规则系统.pdf"; sourceTree = "<group>"; };
		E91BFEAA2644DC0D00C9A669 /* RenderComponent.swift */ = {isa = PBXFileReference; lastKnownFileType = sourcecode.swift; path = RenderComponent.swift; sourceTree = "<group>"; };
		E91BFEAE2644E09100C9A669 /* GameConfig.swift */ = {isa = PBXFileReference; lastKnownFileType = sourcecode.swift; path = GameConfig.swift; sourceTree = "<group>"; };
		E91BFEB12644E2F600C9A669 /* TestEntity.swift */ = {isa = PBXFileReference; lastKnownFileType = sourcecode.swift; path = TestEntity.swift; sourceTree = "<group>"; };
/* End PBXFileReference section */

/* Begin PBXFrameworksBuildPhase section */
		28FF230622CC98B600573D4B /* Frameworks */ = {
			isa = PBXFrameworksBuildPhase;
			buildActionMask = 2147483647;
			files = (
			);
			runOnlyForDeploymentPostprocessing = 0;
		};
/* End PBXFrameworksBuildPhase section */

/* Begin PBXGroup section */
		2885E94425D034E1004DCCC0 /* GamePlayKit */ = {
			isa = PBXGroup;
			children = (
				E91BFE852644CD9600C9A669 /* Component */,
				2885E94525D037D2004DCCC0 /* Entity */,
			);
			path = GamePlayKit;
			sourceTree = "<group>";
		};
		2885E94525D037D2004DCCC0 /* Entity */ = {
			isa = PBXGroup;
			children = (
				2885E94725D03838004DCCC0 /* Entity.swift */,
			);
			path = Entity;
			sourceTree = "<group>";
		};
		28FF230022CC98B600573D4B = {
			isa = PBXGroup;
			children = (
				E91BFE8B2644D06000C9A669 /* DevDom */,
				2885E94425D034E1004DCCC0 /* GamePlayKit */,
				28FF232822CC99F800573D4B /* SpriteKit */,
				28FF232422CC992000573D4B /* GameKit */,
				28FF230B22CC98B600573D4B /* VolvonOrigin */,
				28FF230A22CC98B600573D4B /* Products */,
			);
			sourceTree = "<group>";
		};
		28FF230A22CC98B600573D4B /* Products */ = {
			isa = PBXGroup;
			children = (
				28FF230922CC98B600573D4B /* VolvonOrigin.app */,
			);
			name = Products;
			sourceTree = "<group>";
		};
		28FF230B22CC98B600573D4B /* VolvonOrigin */ = {
			isa = PBXGroup;
			children = (
				28FF230C22CC98B600573D4B /* AppDelegate.swift */,
				28FF230E22CC98B600573D4B /* GameScene.sks */,
				28FF231022CC98B600573D4B /* Actions.sks */,
				E91BFEAE2644E09100C9A669 /* GameConfig.swift */,
				28FF231222CC98B600573D4B /* GameScene.swift */,
				28FF231422CC98B600573D4B /* GameViewController.swift */,
				28FF231622CC98B600573D4B /* Main.storyboard */,
				28FF231922CC98B700573D4B /* Assets.xcassets */,
				28FF231B22CC98B700573D4B /* LaunchScreen.storyboard */,
				28FF231E22CC98B700573D4B /* Info.plist */,
				E91BFEB12644E2F600C9A669 /* TestEntity.swift */,
			);
			path = VolvonOrigin;
			sourceTree = "<group>";
		};
		28FF232422CC992000573D4B /* GameKit */ = {
			isa = PBXGroup;
			children = (
				28FF232522CC993A00573D4B /* GamePlayer */,
			);
			path = GameKit;
			sourceTree = "<group>";
		};
		28FF232522CC993A00573D4B /* GamePlayer */ = {
			isa = PBXGroup;
			children = (
				28FF232622CC997100573D4B /* LocalPlayer.swift */,
			);
			path = GamePlayer;
			sourceTree = "<group>";
		};
		28FF232822CC99F800573D4B /* SpriteKit */ = {
			isa = PBXGroup;
			children = (
				28FF233322CC9D2500573D4B /* Controller */,
				28FF232922CC9B5800573D4B /* AnimateUtils */,
			);
			path = SpriteKit;
			sourceTree = "<group>";
		};
		28FF232922CC9B5800573D4B /* AnimateUtils */ = {
			isa = PBXGroup;
			children = (
				28FF232A22CC9BD500573D4B /* Direction.swift */,
				28FF232C22CC9BFD00573D4B /* Animate.swift */,
			);
			path = AnimateUtils;
			sourceTree = "<group>";
		};
		28FF233322CC9D2500573D4B /* Controller */ = {
			isa = PBXGroup;
			children = (
				28FF233422CC9D4900573D4B /* SKButton.swift */,
				28FF233622CC9D7500573D4B /* RockerControll.swift */,
			);
			path = Controller;
			sourceTree = "<group>";
		};
		E91BFE852644CD9600C9A669 /* Component */ = {
			isa = PBXGroup;
			children = (
				E91BFEAA2644DC0D00C9A669 /* RenderComponent.swift */,
			);
			path = Component;
			sourceTree = "<group>";
		};
		E91BFE8B2644D06000C9A669 /* DevDom */ = {
			isa = PBXGroup;
			children = (
				E91BFEA12644D23300C9A669 /* GameplayKit编程指南：规则系统.pdf */,
				E91BFE9E2644D21400C9A669 /* GameplayKit编程指南：代理、目标和行为.pdf */,
				E91BFE9B2644D1F800C9A669 /* GameplayKit编程指南：寻路.pdf */,
				E91BFE982644D1CD00C9A669 /* GameplayKit编程指南：Minmax策略师.pdf */,
				E91BFE952644D13300C9A669 /* GameplayKit编程指南：状态机.pdf */,
				E91BFE922644D10200C9A669 /* GameplayKit编程指南：实体和组件.pdf */,
				E91BFE8F2644D0CB00C9A669 /* GameplayKit编程指南：随机化.pdf */,
				E91BFE8C2644D0C300C9A669 /* GameplayKit编程指南：关于GameplayKit.pdf */,
			);
			path = DevDom;
			sourceTree = "<group>";
		};
/* End PBXGroup section */

/* Begin PBXNativeTarget section */
		28FF230822CC98B600573D4B /* VolvonOrigin */ = {
			isa = PBXNativeTarget;
			buildConfigurationList = 28FF232122CC98B700573D4B /* Build configuration list for PBXNativeTarget "VolvonOrigin" */;
			buildPhases = (
				28FF230522CC98B600573D4B /* Sources */,
				28FF230622CC98B600573D4B /* Frameworks */,
				28FF230722CC98B600573D4B /* Resources */,
			);
			buildRules = (
			);
			dependencies = (
			);
			name = VolvonOrigin;
			productName = VolvonOrigin;
			productReference = 28FF230922CC98B600573D4B /* VolvonOrigin.app */;
			productType = "com.apple.product-type.application";
		};
/* End PBXNativeTarget section */

/* Begin PBXProject section */
		28FF230122CC98B600573D4B /* Project object */ = {
			isa = PBXProject;
			attributes = {
				LastSwiftUpdateCheck = 1020;
				LastUpgradeCheck = 1020;
				ORGANIZATIONNAME = xzh;
				TargetAttributes = {
					28FF230822CC98B600573D4B = {
						CreatedOnToolsVersion = 10.2.1;
					};
				};
			};
			buildConfigurationList = 28FF230422CC98B600573D4B /* Build configuration list for PBXProject "VolvonOrigin" */;
			compatibilityVersion = "Xcode 9.3";
			developmentRegion = en;
			hasScannedForEncodings = 0;
			knownRegions = (
				en,
				Base,
			);
			mainGroup = 28FF230022CC98B600573D4B;
			productRefGroup = 28FF230A22CC98B600573D4B /* Products */;
			projectDirPath = "";
			projectRoot = "";
			targets = (
				28FF230822CC98B600573D4B /* VolvonOrigin */,
			);
		};
/* End PBXProject section */

/* Begin PBXResourcesBuildPhase section */
		28FF230722CC98B600573D4B /* Resources */ = {
			isa = PBXResourcesBuildPhase;
			buildActionMask = 2147483647;
			files = (
				28FF231822CC98B600573D4B /* Main.storyboard in Resources */,
				E91BFE992644D1CD00C9A669 /* GameplayKit编程指南：Minmax策略师.pdf in Resources */,
				E91BFE9F2644D21400C9A669 /* GameplayKit编程指南：代理、目标和行为.pdf in Resources */,
				E91BFE932644D10200C9A669 /* GameplayKit编程指南：实体和组件.pdf in Resources */,
				E91BFE9C2644D1F800C9A669 /* GameplayKit编程指南：寻路.pdf in Resources */,
				E91BFE8D2644D0C300C9A669 /* GameplayKit编程指南：关于GameplayKit.pdf in Resources */,
				E91BFE902644D0CB00C9A669 /* GameplayKit编程指南：随机化.pdf in Resources */,
				28FF230F22CC98B600573D4B /* GameScene.sks in Resources */,
				28FF231A22CC98B700573D4B /* Assets.xcassets in Resources */,
				28FF231D22CC98B700573D4B /* LaunchScreen.storyboard in Resources */,
				E91BFEA22644D23300C9A669 /* GameplayKit编程指南：规则系统.pdf in Resources */,
				28FF231122CC98B600573D4B /* Actions.sks in Resources */,
				E91BFE962644D13300C9A669 /* GameplayKit编程指南：状态机.pdf in Resources */,
			);
			runOnlyForDeploymentPostprocessing = 0;
		};
/* End PBXResourcesBuildPhase section */

/* Begin PBXSourcesBuildPhase section */
		28FF230522CC98B600573D4B /* Sources */ = {
			isa = PBXSourcesBuildPhase;
			buildActionMask = 2147483647;
			files = (
				28FF232722CC997100573D4B /* LocalPlayer.swift in Sources */,
				E91BFEAF2644E09100C9A669 /* GameConfig.swift in Sources */,
				28FF233522CC9D4900573D4B /* SKButton.swift in Sources */,
				28FF233722CC9D7500573D4B /* RockerControll.swift in Sources */,
				28FF231322CC98B600573D4B /* GameScene.swift in Sources */,
				28FF231522CC98B600573D4B /* GameViewController.swift in Sources */,
				2885E94825D03838004DCCC0 /* Entity.swift in Sources */,
				28FF232B22CC9BD500573D4B /* Direction.swift in Sources */,
				E91BFEB22644E2F600C9A669 /* TestEntity.swift in Sources */,
				E91BFEAB2644DC0D00C9A669 /* RenderComponent.swift in Sources */,
				28FF230D22CC98B600573D4B /* AppDelegate.swift in Sources */,
				28FF232D22CC9BFD00573D4B /* Animate.swift in Sources */,
			);
			runOnlyForDeploymentPostprocessing = 0;
		};
/* End PBXSourcesBuildPhase section */

/* Begin PBXVariantGroup section */
		28FF231622CC98B600573D4B /* Main.storyboard */ = {
			isa = PBXVariantGroup;
			children = (
				28FF231722CC98B600573D4B /* Base */,
			);
			name = Main.storyboard;
			sourceTree = "<group>";
		};
		28FF231B22CC98B700573D4B /* LaunchScreen.storyboard */ = {
			isa = PBXVariantGroup;
			children = (
				28FF231C22CC98B700573D4B /* Base */,
			);
			name = LaunchScreen.storyboard;
			sourceTree = "<group>";
		};
/* End PBXVariantGroup section */

/* Begin XCBuildConfiguration section */
		28FF231F22CC98B700573D4B /* Debug */ = {
			isa = XCBuildConfiguration;
			buildSettings = {
				ALWAYS_SEARCH_USER_PATHS = NO;
				CLANG_ANALYZER_NONNULL = YES;
				CLANG_ANALYZER_NUMBER_OBJECT_CONVERSION = YES_AGGRESSIVE;
				CLANG_CXX_LANGUAGE_STANDARD = "gnu++14";
				CLANG_CXX_LIBRARY = "libc++";
				CLANG_ENABLE_MODULES = YES;
				CLANG_ENABLE_OBJC_ARC = YES;
				CLANG_ENABLE_OBJC_WEAK = YES;
				CLANG_WARN_BLOCK_CAPTURE_AUTORELEASING = YES;
				CLANG_WARN_BOOL_CONVERSION = YES;
				CLANG_WARN_COMMA = YES;
				CLANG_WARN_CONSTANT_CONVERSION = YES;
				CLANG_WARN_DEPRECATED_OBJC_IMPLEMENTATIONS = YES;
				CLANG_WARN_DIRECT_OBJC_ISA_USAGE = YES_ERROR;
				CLANG_WARN_DOCUMENTATION_COMMENTS = YES;
				CLANG_WARN_EMPTY_BODY = YES;
				CLANG_WARN_ENUM_CONVERSION = YES;
				CLANG_WARN_INFINITE_RECURSION = YES;
				CLANG_WARN_INT_CONVERSION = YES;
				CLANG_WARN_NON_LITERAL_NULL_CONVERSION = YES;
				CLANG_WARN_OBJC_IMPLICIT_RETAIN_SELF = YES;
				CLANG_WARN_OBJC_LITERAL_CONVERSION = YES;
				CLANG_WARN_OBJC_ROOT_CLASS = YES_ERROR;
				CLANG_WARN_RANGE_LOOP_ANALYSIS = YES;
				CLANG_WARN_STRICT_PROTOTYPES = YES;
				CLANG_WARN_SUSPICIOUS_MOVE = YES;
				CLANG_WARN_UNGUARDED_AVAILABILITY = YES_AGGRESSIVE;
				CLANG_WARN_UNREACHABLE_CODE = YES;
				CLANG_WARN__DUPLICATE_METHOD_MATCH = YES;
				CODE_SIGN_IDENTITY = "iPhone Developer";
				COPY_PHASE_STRIP = NO;
				DEBUG_INFORMATION_FORMAT = dwarf;
				ENABLE_STRICT_OBJC_MSGSEND = YES;
				ENABLE_TESTABILITY = YES;
				GCC_C_LANGUAGE_STANDARD = gnu11;
				GCC_DYNAMIC_NO_PIC = NO;
				GCC_NO_COMMON_BLOCKS = YES;
				GCC_OPTIMIZATION_LEVEL = 0;
				GCC_PREPROCESSOR_DEFINITIONS = (
					"DEBUG=1",
					"$(inherited)",
				);
				GCC_WARN_64_TO_32_BIT_CONVERSION = YES;
				GCC_WARN_ABOUT_RETURN_TYPE = YES_ERROR;
				GCC_WARN_UNDECLARED_SELECTOR = YES;
				GCC_WARN_UNINITIALIZED_AUTOS = YES_AGGRESSIVE;
				GCC_WARN_UNUSED_FUNCTION = YES;
				GCC_WARN_UNUSED_VARIABLE = YES;
				IPHONEOS_DEPLOYMENT_TARGET = 12.2;
				MTL_ENABLE_DEBUG_INFO = INCLUDE_SOURCE;
				MTL_FAST_MATH = YES;
				ONLY_ACTIVE_ARCH = YES;
				SDKROOT = iphoneos;
				SWIFT_ACTIVE_COMPILATION_CONDITIONS = DEBUG;
				SWIFT_OPTIMIZATION_LEVEL = "-Onone";
			};
			name = Debug;
		};
		28FF232022CC98B700573D4B /* Release */ = {
			isa = XCBuildConfiguration;
			buildSettings = {
				ALWAYS_SEARCH_USER_PATHS = NO;
				CLANG_ANALYZER_NONNULL = YES;
				CLANG_ANALYZER_NUMBER_OBJECT_CONVERSION = YES_AGGRESSIVE;
				CLANG_CXX_LANGUAGE_STANDARD = "gnu++14";
				CLANG_CXX_LIBRARY = "libc++";
				CLANG_ENABLE_MODULES = YES;
				CLANG_ENABLE_OBJC_ARC = YES;
				CLANG_ENABLE_OBJC_WEAK = YES;
				CLANG_WARN_BLOCK_CAPTURE_AUTORELEASING = YES;
				CLANG_WARN_BOOL_CONVERSION = YES;
				CLANG_WARN_COMMA = YES;
				CLANG_WARN_CONSTANT_CONVERSION = YES;
				CLANG_WARN_DEPRECATED_OBJC_IMPLEMENTATIONS = YES;
				CLANG_WARN_DIRECT_OBJC_ISA_USAGE = YES_ERROR;
				CLANG_WARN_DOCUMENTATION_COMMENTS = YES;
				CLANG_WARN_EMPTY_BODY = YES;
				CLANG_WARN_ENUM_CONVERSION = YES;
				CLANG_WARN_INFINITE_RECURSION = YES;
				CLANG_WARN_INT_CONVERSION = YES;
				CLANG_WARN_NON_LITERAL_NULL_CONVERSION = YES;
				CLANG_WARN_OBJC_IMPLICIT_RETAIN_SELF = YES;
				CLANG_WARN_OBJC_LITERAL_CONVERSION = YES;
				CLANG_WARN_OBJC_ROOT_CLASS = YES_ERROR;
				CLANG_WARN_RANGE_LOOP_ANALYSIS = YES;
				CLANG_WARN_STRICT_PROTOTYPES = YES;
				CLANG_WARN_SUSPICIOUS_MOVE = YES;
				CLANG_WARN_UNGUARDED_AVAILABILITY = YES_AGGRESSIVE;
				CLANG_WARN_UNREACHABLE_CODE = YES;
				CLANG_WARN__DUPLICATE_METHOD_MATCH = YES;
				CODE_SIGN_IDENTITY = "iPhone Developer";
				COPY_PHASE_STRIP = NO;
				DEBUG_INFORMATION_FORMAT = "dwarf-with-dsym";
				ENABLE_NS_ASSERTIONS = NO;
				ENABLE_STRICT_OBJC_MSGSEND = YES;
				GCC_C_LANGUAGE_STANDARD = gnu11;
				GCC_NO_COMMON_BLOCKS = YES;
				GCC_WARN_64_TO_32_BIT_CONVERSION = YES;
				GCC_WARN_ABOUT_RETURN_TYPE = YES_ERROR;
				GCC_WARN_UNDECLARED_SELECTOR = YES;
				GCC_WARN_UNINITIALIZED_AUTOS = YES_AGGRESSIVE;
				GCC_WARN_UNUSED_FUNCTION = YES;
				GCC_WARN_UNUSED_VARIABLE = YES;
				IPHONEOS_DEPLOYMENT_TARGET = 12.2;
				MTL_ENABLE_DEBUG_INFO = NO;
				MTL_FAST_MATH = YES;
				SDKROOT = iphoneos;
				SWIFT_COMPILATION_MODE = wholemodule;
				SWIFT_OPTIMIZATION_LEVEL = "-O";
				VALIDATE_PRODUCT = YES;
			};
			name = Release;
		};
		28FF232222CC98B700573D4B /* Debug */ = {
			isa = XCBuildConfiguration;
			buildSettings = {
				ASSETCATALOG_COMPILER_APPICON_NAME = AppIcon;
				CODE_SIGN_STYLE = Automatic;
				INFOPLIST_FILE = VolvonOrigin/Info.plist;
				LD_RUNPATH_SEARCH_PATHS = (
					"$(inherited)",
					"@executable_path/Frameworks",
				);
				PRODUCT_BUNDLE_IDENTIFIER = com.yyddl.VolvonOrigin;
				PRODUCT_NAME = "$(TARGET_NAME)";
				SWIFT_VERSION = 5.0;
				TARGETED_DEVICE_FAMILY = "1,2";
			};
			name = Debug;
		};
		28FF232322CC98B700573D4B /* Release */ = {
			isa = XCBuildConfiguration;
			buildSettings = {
				ASSETCATALOG_COMPILER_APPICON_NAME = AppIcon;
				CODE_SIGN_STYLE = Automatic;
				INFOPLIST_FILE = VolvonOrigin/Info.plist;
				LD_RUNPATH_SEARCH_PATHS = (
					"$(inherited)",
					"@executable_path/Frameworks",
				);
				PRODUCT_BUNDLE_IDENTIFIER = com.yyddl.VolvonOrigin;
				PRODUCT_NAME = "$(TARGET_NAME)";
				SWIFT_VERSION = 5.0;
				TARGETED_DEVICE_FAMILY = "1,2";
			};
			name = Release;
		};
/* End XCBuildConfiguration section */

/* Begin XCConfigurationList section */
		28FF230422CC98B600573D4B /* Build configuration list for PBXProject "VolvonOrigin" */ = {
			isa = XCConfigurationList;
			buildConfigurations = (
				28FF231F22CC98B700573D4B /* Debug */,
				28FF232022CC98B700573D4B /* Release */,
			);
			defaultConfigurationIsVisible = 0;
			defaultConfigurationName = Release;
		};
		28FF232122CC98B700573D4B /* Build configuration list for PBXNativeTarget "VolvonOrigin" */ = {
			isa = XCConfigurationList;
			buildConfigurations = (
				28FF232222CC98B700573D4B /* Debug */,
				28FF232322CC98B700573D4B /* Release */,
			);
			defaultConfigurationIsVisible = 0;
			defaultConfigurationName = Release;
		};
/* End XCConfigurationList section */
	};
	rootObject = 28FF230122CC98B600573D4B /* Project object */;
}
